
Microsoft Visual Studio Solution File, Format Version 12.00
# Visual Studio 15
Project("{FAE04EC0-301F-11D3-BF4B-00C04F79EFBC}") = "Assembly-CSharp", "Assembly-CSharp.csproj", "{15404C75-8660-5DA7-9AEB-4740520EB589}"
EndProject
Project("{FAE04EC0-301F-11D3-BF4B-00C04F79EFBC}") = "Assembly-CSharp-Editor", "Assembly-CSharp-Editor.csproj", "{895249AA-6289-2B83-EFC2-618EBA225299}"
EndProject
Global
	GlobalSection(SolutionConfigurationPlatforms) = preSolution
		Debug|Any CPU = Debug|Any CPU
		Release|Any CPU = Release|Any CPU
	EndGlobalSection
	GlobalSection(ProjectConfigurationPlatforms) = postSolution
		{15404C75-8660-5DA7-9AEB-4740520EB589}.Debug|Any CPU.ActiveCfg = Debug|Any CPU
		{15404C75-8660-5DA7-9AEB-4740520EB589}.Debug|Any CPU.Build.0 = Debug|Any CPU
		{15404C75-8660-5DA7-9AEB-4740520EB589}.Release|Any CPU.ActiveCfg = Release|Any CPU
		{15404C75-8660-5DA7-9AEB-4740520EB589}.Release|Any CPU.Build.0 = Release|Any CPU
		{895249AA-6289-2B83-EFC2-618EBA225299}.Debug|Any CPU.ActiveCfg = Debug|Any CPU
		{895249AA-6289-2B83-EFC2-618EBA225299}.Debug|Any CPU.Build.0 = Debug|Any CPU
		{895249AA-6289-2B83-EFC2-618EBA225299}.Release|Any CPU.ActiveCfg = Release|Any CPU
		{895249AA-6289-2B83-EFC2-618EBA225299}.Release|Any CPU.Build.0 = Release|Any CPU
	EndGlobalSection
	GlobalSection(SolutionProperties) = preSolution
		HideSolutionNode = FALSE
	EndGlobalSection
EndGlobal
